
Microsoft Visual Studio Solution File, Format Version 12.00
# Visual Studio Version 16
VisualStudioVersion = 16.0.29613.14
MinimumVisualStudioVersion = 10.0.40219.1
Project("{9A19103F-16F7-4668-BE54-9A1E7A4F7556}") = "QuestionProvider", "QuestionProvider\QuestionProvider.csproj", "{6C37D652-DD7F-49F3-BD26-71972DE97990}"
EndProject
Project("{FAE04EC0-301F-11D3-BF4B-00C04F79EFBC}") = "QuestionProviderTest", "QuestionProviderTest\QuestionProviderTest.csproj", "{AFE63022-05FC-4E2F-9479-6020FD8D3F2B}"
EndProject
Global
	GlobalSection(SolutionConfigurationPlatforms) = preSolution
		Debug|Any CPU = Debug|Any CPU
		Release|Any CPU = Release|Any CPU
	EndGlobalSection
	GlobalSection(ProjectConfigurationPlatforms) = postSolution
		{6C37D652-DD7F-49F3-BD26-71972DE97990}.Debug|Any CPU.ActiveCfg = Debug|Any CPU
		{6C37D652-DD7F-49F3-BD26-71972DE97990}.Debug|Any CPU.Build.0 = Debug|Any CPU
		{6C37D652-DD7F-49F3-BD26-71972DE97990}.Release|Any CPU.ActiveCfg = Release|Any CPU
		{6C37D652-DD7F-49F3-BD26-71972DE97990}.Release|Any CPU.Build.0 = Release|Any CPU
		{AFE63022-05FC-4E2F-9479-6020FD8D3F2B}.Debug|Any CPU.ActiveCfg = Debug|Any CPU
		{AFE63022-05FC-4E2F-9479-6020FD8D3F2B}.Debug|Any CPU.Build.0 = Debug|Any CPU
		{AFE63022-05FC-4E2F-9479-6020FD8D3F2B}.Release|Any CPU.ActiveCfg = Release|Any CPU
		{AFE63022-05FC-4E2F-9479-6020FD8D3F2B}.Release|Any CPU.Build.0 = Release|Any CPU
	EndGlobalSection
	GlobalSection(SolutionProperties) = preSolution
		HideSolutionNode = FALSE
	EndGlobalSection
	GlobalSection(ExtensibilityGlobals) = postSolution
		SolutionGuid = {94131598-BA79-498F-91C3-04CF26A59A55}
	EndGlobalSection
EndGlobal
